
Microsoft Visual Studio Solution File, Format Version 12.00
# Visual Studio Version 17
VisualStudioVersion = 17.8.34408.163
MinimumVisualStudioVersion = 10.0.40219.1
Project("{FAE04EC0-301F-11D3-BF4B-00C04F79EFBC}") = "Task9-Telegram", "Task9-Telegram.csproj", "{39B0B92D-7D26-435B-A8C1-F9AEDFD3CF7B}"
EndProject
Global
	GlobalSection(SolutionConfigurationPlatforms) = preSolution
		Debug|Any CPU = Debug|Any CPU
		Release|Any CPU = Release|Any CPU
	EndGlobalSection
	GlobalSection(ProjectConfigurationPlatforms) = postSolution
		{39B0B92D-7D26-435B-A8C1-F9AEDFD3CF7B}.Debug|Any CPU.ActiveCfg = Debug|Any CPU
		{39B0B92D-7D26-435B-A8C1-F9AEDFD3CF7B}.Debug|Any CPU.Build.0 = Debug|Any CPU
		{39B0B92D-7D26-435B-A8C1-F9AEDFD3CF7B}.Release|Any CPU.ActiveCfg = Release|Any CPU
		{39B0B92D-7D26-435B-A8C1-F9AEDFD3CF7B}.Release|Any CPU.Build.0 = Release|Any CPU
	EndGlobalSection
	GlobalSection(SolutionProperties) = preSolution
		HideSolutionNode = FALSE
	EndGlobalSection
	GlobalSection(ExtensibilityGlobals) = postSolution
		SolutionGuid = {70084AD3-3C83-4043-8617-8708141A4B01}
	EndGlobalSection
EndGlobal
